// !$*UTF8*$!
{
	archiveVersion = 1;
	classes = {
	};
	objectVersion = 56;
	objects = {

/* Begin PBXBuildFile section */
		5F27EC4429BE818200A3E8CC /* TicTacToeApp.swift in Sources */ = {isa = PBXBuildFile; fileRef = 5F27EC4329BE818200A3E8CC /* TicTacToeApp.swift */; };
		5F27EC4629BE818200A3E8CC /* GameVersusAIView.swift in Sources */ = {isa = PBXBuildFile; fileRef = 5F27EC4529BE818200A3E8CC /* GameVersusAIView.swift */; };
		5F27EC4829BE819E00A3E8CC /* Assets.xcassets in Resources */ = {isa = PBXBuildFile; fileRef = 5F27EC4729BE819E00A3E8CC /* Assets.xcassets */; };
		5F27EC4B29BE819E00A3E8CC /* Preview Assets.xcassets in Resources */ = {isa = PBXBuildFile; fileRef = 5F27EC4A29BE819E00A3E8CC /* Preview Assets.xcassets */; };
		5F970CDE29BE9BD0002D3758 /* AlertsView.swift in Sources */ = {isa = PBXBuildFile; fileRef = 5F970CDD29BE9BCF002D3758 /* AlertsView.swift */; };
		5FBDEC0329C62E5E001DE90E /* GameLogicModel.swift in Sources */ = {isa = PBXBuildFile; fileRef = 5FBDEC0229C62E5E001DE90E /* GameLogicModel.swift */; };
		5FE2A60C29BEB4E8007FED0A /* VersusAIViewModel.swift in Sources */ = {isa = PBXBuildFile; fileRef = 5FE2A60B29BEB4E8007FED0A /* VersusAIViewModel.swift */; };
		5FE2A60E29BEB8E6007FED0A /* VersusAIModel.swift in Sources */ = {isa = PBXBuildFile; fileRef = 5FE2A60D29BEB8E6007FED0A /* VersusAIModel.swift */; };
		5FE2A61129BEBF1D007FED0A /* DesignView.swift in Sources */ = {isa = PBXBuildFile; fileRef = 5FE2A61029BEBF1D007FED0A /* DesignView.swift */; };
		5FE2A61329BEC1EA007FED0A /* GameVersusFriend.swift in Sources */ = {isa = PBXBuildFile; fileRef = 5FE2A61229BEC1EA007FED0A /* GameVersusFriend.swift */; };
		5FE2A61729BEC39B007FED0A /* VersusFriendModel.swift in Sources */ = {isa = PBXBuildFile; fileRef = 5FE2A61629BEC39B007FED0A /* VersusFriendModel.swift */; };
		5FE2A61929BEC402007FED0A /* VersusFriendViewModel.swift in Sources */ = {isa = PBXBuildFile; fileRef = 5FE2A61829BEC402007FED0A /* VersusFriendViewModel.swift */; };
/* End PBXBuildFile section */

/* Begin PBXFileReference section */
		5F27EC4029BE818200A3E8CC /* TicTacToe.app */ = {isa = PBXFileReference; explicitFileType = wrapper.application; includeInIndex = 0; path = TicTacToe.app; sourceTree = BUILT_PRODUCTS_DIR; };
		5F27EC4329BE818200A3E8CC /* TicTacToeApp.swift */ = {isa = PBXFileReference; lastKnownFileType = sourcecode.swift; path = TicTacToeApp.swift; sourceTree = "<group>"; };
		5F27EC4529BE818200A3E8CC /* GameVersusAIView.swift */ = {isa = PBXFileReference; lastKnownFileType = sourcecode.swift; path = GameVersusAIView.swift; sourceTree = "<group>"; };
		5F27EC4729BE819E00A3E8CC /* Assets.xcassets */ = {isa = PBXFileReference; lastKnownFileType = folder.assetcatalog; path = Assets.xcassets; sourceTree = "<group>"; };
		5F27EC4A29BE819E00A3E8CC /* Preview Assets.xcassets */ = {isa = PBXFileReference; lastKnownFileType = folder.assetcatalog; path = "Preview Assets.xcassets"; sourceTree = "<group>"; };
		5F970CDD29BE9BCF002D3758 /* AlertsView.swift */ = {isa = PBXFileReference; lastKnownFileType = sourcecode.swift; path = AlertsView.swift; sourceTree = "<group>"; };
		5FBDEC0229C62E5E001DE90E /* GameLogicModel.swift */ = {isa = PBXFileReference; lastKnownFileType = sourcecode.swift; path = GameLogicModel.swift; sourceTree = "<group>"; };
		5FE2A60B29BEB4E8007FED0A /* VersusAIViewModel.swift */ = {isa = PBXFileReference; lastKnownFileType = sourcecode.swift; path = VersusAIViewModel.swift; sourceTree = "<group>"; };
		5FE2A60D29BEB8E6007FED0A /* VersusAIModel.swift */ = {isa = PBXFileReference; lastKnownFileType = sourcecode.swift; path = VersusAIModel.swift; sourceTree = "<group>"; };
		5FE2A61029BEBF1D007FED0A /* DesignView.swift */ = {isa = PBXFileReference; lastKnownFileType = sourcecode.swift; path = DesignView.swift; sourceTree = "<group>"; };
		5FE2A61229BEC1EA007FED0A /* GameVersusFriend.swift */ = {isa = PBXFileReference; lastKnownFileType = sourcecode.swift; path = GameVersusFriend.swift; sourceTree = "<group>"; };
		5FE2A61629BEC39B007FED0A /* VersusFriendModel.swift */ = {isa = PBXFileReference; lastKnownFileType = sourcecode.swift; path = VersusFriendModel.swift; sourceTree = "<group>"; };
		5FE2A61829BEC402007FED0A /* VersusFriendViewModel.swift */ = {isa = PBXFileReference; lastKnownFileType = sourcecode.swift; path = VersusFriendViewModel.swift; sourceTree = "<group>"; };
/* End PBXFileReference section */

/* Begin PBXFrameworksBuildPhase section */
		5F27EC3D29BE818200A3E8CC /* Frameworks */ = {
			isa = PBXFrameworksBuildPhase;
			buildActionMask = 2147483647;
			files = (
			);
			runOnlyForDeploymentPostprocessing = 0;
		};
/* End PBXFrameworksBuildPhase section */

/* Begin PBXGroup section */
		5F27EC3729BE818100A3E8CC = {
			isa = PBXGroup;
			children = (
				5F27EC4229BE818200A3E8CC /* TicTacToe */,
				5F27EC4129BE818200A3E8CC /* Products */,
			);
			sourceTree = "<group>";
		};
		5F27EC4129BE818200A3E8CC /* Products */ = {
			isa = PBXGroup;
			children = (
				5F27EC4029BE818200A3E8CC /* TicTacToe.app */,
			);
			name = Products;
			sourceTree = "<group>";
		};
		5F27EC4229BE818200A3E8CC /* TicTacToe */ = {
			isa = PBXGroup;
			children = (
				5FE2A61529BEC24A007FED0A /* Model */,
				5FE2A61429BEC23C007FED0A /* ViewModel */,
				5FE2A60F29BEBECB007FED0A /* View */,
				5F27EC4329BE818200A3E8CC /* TicTacToeApp.swift */,
				5F27EC4729BE819E00A3E8CC /* Assets.xcassets */,
				5F27EC4929BE819E00A3E8CC /* Preview Content */,
			);
			path = TicTacToe;
			sourceTree = "<group>";
		};
		5F27EC4929BE819E00A3E8CC /* Preview Content */ = {
			isa = PBXGroup;
			children = (
				5F27EC4A29BE819E00A3E8CC /* Preview Assets.xcassets */,
			);
			path = "Preview Content";
			sourceTree = "<group>";
		};
		5FE2A60F29BEBECB007FED0A /* View */ = {
			isa = PBXGroup;
			children = (
				5F970CDD29BE9BCF002D3758 /* AlertsView.swift */,
				5FE2A61029BEBF1D007FED0A /* DesignView.swift */,
				5F27EC4529BE818200A3E8CC /* GameVersusAIView.swift */,
				5FE2A61229BEC1EA007FED0A /* GameVersusFriend.swift */,
			);
			path = View;
			sourceTree = "<group>";
		};
		5FE2A61429BEC23C007FED0A /* ViewModel */ = {
			isa = PBXGroup;
			children = (
				5FE2A60B29BEB4E8007FED0A /* VersusAIViewModel.swift */,
				5FE2A61829BEC402007FED0A /* VersusFriendViewModel.swift */,
			);
			path = ViewModel;
			sourceTree = "<group>";
		};
		5FE2A61529BEC24A007FED0A /* Model */ = {
			isa = PBXGroup;
			children = (
				5FE2A60D29BEB8E6007FED0A /* VersusAIModel.swift */,
				5FE2A61629BEC39B007FED0A /* VersusFriendModel.swift */,
				5FBDEC0229C62E5E001DE90E /* GameLogicModel.swift */,
			);
			path = Model;
			sourceTree = "<group>";
		};
/* End PBXGroup section */

/* Begin PBXNativeTarget section */
		5F27EC3F29BE818200A3E8CC /* TicTacToe */ = {
			isa = PBXNativeTarget;
			buildConfigurationList = 5F27EC4E29BE819E00A3E8CC /* Build configuration list for PBXNativeTarget "TicTacToe" */;
			buildPhases = (
				5F27EC3C29BE818200A3E8CC /* Sources */,
				5F27EC3D29BE818200A3E8CC /* Frameworks */,
				5F27EC3E29BE818200A3E8CC /* Resources */,
			);
			buildRules = (
			);
			dependencies = (
			);
			name = TicTacToe;
			productName = TicTacToe;
			productReference = 5F27EC4029BE818200A3E8CC /* TicTacToe.app */;
			productType = "com.apple.product-type.application";
		};
/* End PBXNativeTarget section */

/* Begin PBXProject section */
		5F27EC3829BE818200A3E8CC /* Project object */ = {
			isa = PBXProject;
			attributes = {
				BuildIndependentTargetsInParallel = 1;
				LastSwiftUpdateCheck = 1420;
				LastUpgradeCheck = 1420;
				TargetAttributes = {
					5F27EC3F29BE818200A3E8CC = {
						CreatedOnToolsVersion = 14.2;
					};
				};
			};
			buildConfigurationList = 5F27EC3B29BE818200A3E8CC /* Build configuration list for PBXProject "TicTacToe" */;
			compatibilityVersion = "Xcode 14.0";
			developmentRegion = en;
			hasScannedForEncodings = 0;
			knownRegions = (
				en,
				Base,
			);
			mainGroup = 5F27EC3729BE818100A3E8CC;
			productRefGroup = 5F27EC4129BE818200A3E8CC /* Products */;
			projectDirPath = "";
			projectRoot = "";
			targets = (
				5F27EC3F29BE818200A3E8CC /* TicTacToe */,
			);
		};
/* End PBXProject section */

/* Begin PBXResourcesBuildPhase section */
		5F27EC3E29BE818200A3E8CC /* Resources */ = {
			isa = PBXResourcesBuildPhase;
			buildActionMask = 2147483647;
			files = (
				5F27EC4B29BE819E00A3E8CC /* Preview Assets.xcassets in Resources */,
				5F27EC4829BE819E00A3E8CC /* Assets.xcassets in Resources */,
			);
			runOnlyForDeploymentPostprocessing = 0;
		};
/* End PBXResourcesBuildPhase section */

/* Begin PBXSourcesBuildPhase section */
		5F27EC3C29BE818200A3E8CC /* Sources */ = {
			isa = PBXSourcesBuildPhase;
			buildActionMask = 2147483647;
			files = (
				5FE2A60E29BEB8E6007FED0A /* VersusAIModel.swift in Sources */,
				5FE2A60C29BEB4E8007FED0A /* VersusAIViewModel.swift in Sources */,
				5FE2A61929BEC402007FED0A /* VersusFriendViewModel.swift in Sources */,
				5FE2A61129BEBF1D007FED0A /* DesignView.swift in Sources */,
				5FBDEC0329C62E5E001DE90E /* GameLogicModel.swift in Sources */,
				5FE2A61729BEC39B007FED0A /* VersusFriendModel.swift in Sources */,
				5FE2A61329BEC1EA007FED0A /* GameVersusFriend.swift in Sources */,
				5F27EC4629BE818200A3E8CC /* GameVersusAIView.swift in Sources */,
				5F970CDE29BE9BD0002D3758 /* AlertsView.swift in Sources */,
				5F27EC4429BE818200A3E8CC /* TicTacToeApp.swift in Sources */,
			);
			runOnlyForDeploymentPostprocessing = 0;
		};
/* End PBXSourcesBuildPhase section */

/* Begin XCBuildConfiguration section */
		5F27EC4C29BE819E00A3E8CC /* Debug */ = {
			isa = XCBuildConfiguration;
			buildSettings = {
				ALWAYS_SEARCH_USER_PATHS = NO;
				CLANG_ANALYZER_NONNULL = YES;
				CLANG_ANALYZER_NUMBER_OBJECT_CONVERSION = YES_AGGRESSIVE;
				CLANG_CXX_LANGUAGE_STANDARD = "gnu++20";
				CLANG_ENABLE_MODULES = YES;
				CLANG_ENABLE_OBJC_ARC = YES;
				CLANG_ENABLE_OBJC_WEAK = YES;
				CLANG_WARN_BLOCK_CAPTURE_AUTORELEASING = YES;
				CLANG_WARN_BOOL_CONVERSION = YES;
				CLANG_WARN_COMMA = YES;
				CLANG_WARN_CONSTANT_CONVERSION = YES;
				CLANG_WARN_DEPRECATED_OBJC_IMPLEMENTATIONS = YES;
				CLANG_WARN_DIRECT_OBJC_ISA_USAGE = YES_ERROR;
				CLANG_WARN_DOCUMENTATION_COMMENTS = YES;
				CLANG_WARN_EMPTY_BODY = YES;
				CLANG_WARN_ENUM_CONVERSION = YES;
				CLANG_WARN_INFINITE_RECURSION = YES;
				CLANG_WARN_INT_CONVERSION = YES;
				CLANG_WARN_NON_LITERAL_NULL_CONVERSION = YES;
				CLANG_WARN_OBJC_IMPLICIT_RETAIN_SELF = YES;
				CLANG_WARN_OBJC_LITERAL_CONVERSION = YES;
				CLANG_WARN_OBJC_ROOT_CLASS = YES_ERROR;
				CLANG_WARN_QUOTED_INCLUDE_IN_FRAMEWORK_HEADER = YES;
				CLANG_WARN_RANGE_LOOP_ANALYSIS = YES;
				CLANG_WARN_STRICT_PROTOTYPES = YES;
				CLANG_WARN_SUSPICIOUS_MOVE = YES;
				CLANG_WARN_UNGUARDED_AVAILABILITY = YES_AGGRESSIVE;
				CLANG_WARN_UNREACHABLE_CODE = YES;
				CLANG_WARN__DUPLICATE_METHOD_MATCH = YES;
				COPY_PHASE_STRIP = NO;
				DEBUG_INFORMATION_FORMAT = dwarf;
				ENABLE_STRICT_OBJC_MSGSEND = YES;
				ENABLE_TESTABILITY = YES;
				GCC_C_LANGUAGE_STANDARD = gnu11;
				GCC_DYNAMIC_NO_PIC = NO;
				GCC_NO_COMMON_BLOCKS = YES;
				GCC_OPTIMIZATION_LEVEL = 0;
				GCC_PREPROCESSOR_DEFINITIONS = (
					"DEBUG=1",
					"$(inherited)",
				);
				GCC_WARN_64_TO_32_BIT_CONVERSION = YES;
				GCC_WARN_ABOUT_RETURN_TYPE = YES_ERROR;
				GCC_WARN_UNDECLARED_SELECTOR = YES;
				GCC_WARN_UNINITIALIZED_AUTOS = YES_AGGRESSIVE;
				GCC_WARN_UNUSED_FUNCTION = YES;
				GCC_WARN_UNUSED_VARIABLE = YES;
				IPHONEOS_DEPLOYMENT_TARGET = 16.2;
				MTL_ENABLE_DEBUG_INFO = INCLUDE_SOURCE;
				MTL_FAST_MATH = YES;
				ONLY_ACTIVE_ARCH = YES;
				SDKROOT = iphoneos;
				SWIFT_ACTIVE_COMPILATION_CONDITIONS = DEBUG;
				SWIFT_OPTIMIZATION_LEVEL = "-Onone";
			};
			name = Debug;
		};
		5F27EC4D29BE819E00A3E8CC /* Release */ = {
			isa = XCBuildConfiguration;
			buildSettings = {
				ALWAYS_SEARCH_USER_PATHS = NO;
				CLANG_ANALYZER_NONNULL = YES;
				CLANG_ANALYZER_NUMBER_OBJECT_CONVERSION = YES_AGGRESSIVE;
				CLANG_CXX_LANGUAGE_STANDARD = "gnu++20";
				CLANG_ENABLE_MODULES = YES;
				CLANG_ENABLE_OBJC_ARC = YES;
				CLANG_ENABLE_OBJC_WEAK = YES;
				CLANG_WARN_BLOCK_CAPTURE_AUTORELEASING = YES;
				CLANG_WARN_BOOL_CONVERSION = YES;
				CLANG_WARN_COMMA = YES;
				CLANG_WARN_CONSTANT_CONVERSION = YES;
				CLANG_WARN_DEPRECATED_OBJC_IMPLEMENTATIONS = YES;
				CLANG_WARN_DIRECT_OBJC_ISA_USAGE = YES_ERROR;
				CLANG_WARN_DOCUMENTATION_COMMENTS = YES;
				CLANG_WARN_EMPTY_BODY = YES;
				CLANG_WARN_ENUM_CONVERSION = YES;
				CLANG_WARN_INFINITE_RECURSION = YES;
				CLANG_WARN_INT_CONVERSION = YES;
				CLANG_WARN_NON_LITERAL_NULL_CONVERSION = YES;
				CLANG_WARN_OBJC_IMPLICIT_RETAIN_SELF = YES;
				CLANG_WARN_OBJC_LITERAL_CONVERSION = YES;
				CLANG_WARN_OBJC_ROOT_CLASS = YES_ERROR;
				CLANG_WARN_QUOTED_INCLUDE_IN_FRAMEWORK_HEADER = YES;
				CLANG_WARN_RANGE_LOOP_ANALYSIS = YES;
				CLANG_WARN_STRICT_PROTOTYPES = YES;
				CLANG_WARN_SUSPICIOUS_MOVE = YES;
				CLANG_WARN_UNGUARDED_AVAILABILITY = YES_AGGRESSIVE;
				CLANG_WARN_UNREACHABLE_CODE = YES;
				CLANG_WARN__DUPLICATE_METHOD_MATCH = YES;
				COPY_PHASE_STRIP = NO;
				DEBUG_INFORMATION_FORMAT = "dwarf-with-dsym";
				ENABLE_NS_ASSERTIONS = NO;
				ENABLE_STRICT_OBJC_MSGSEND = YES;
				GCC_C_LANGUAGE_STANDARD = gnu11;
				GCC_NO_COMMON_BLOCKS = YES;
				GCC_WARN_64_TO_32_BIT_CONVERSION = YES;
				GCC_WARN_ABOUT_RETURN_TYPE = YES_ERROR;
				GCC_WARN_UNDECLARED_SELECTOR = YES;
				GCC_WARN_UNINITIALIZED_AUTOS = YES_AGGRESSIVE;
				GCC_WARN_UNUSED_FUNCTION = YES;
				GCC_WARN_UNUSED_VARIABLE = YES;
				IPHONEOS_DEPLOYMENT_TARGET = 16.2;
				MTL_ENABLE_DEBUG_INFO = NO;
				MTL_FAST_MATH = YES;
				SDKROOT = iphoneos;
				SWIFT_COMPILATION_MODE = wholemodule;
				SWIFT_OPTIMIZATION_LEVEL = "-O";
				VALIDATE_PRODUCT = YES;
			};
			name = Release;
		};
		5F27EC4F29BE819E00A3E8CC /* Debug */ = {
			isa = XCBuildConfiguration;
			buildSettings = {
				ASSETCATALOG_COMPILER_APPICON_NAME = AppIcon;
				ASSETCATALOG_COMPILER_GLOBAL_ACCENT_COLOR_NAME = AccentColor;
				CODE_SIGN_STYLE = Automatic;
				CURRENT_PROJECT_VERSION = 1;
				DEVELOPMENT_ASSET_PATHS = "\"TicTacToe/Preview Content\"";
				DEVELOPMENT_TEAM = JL34VC68DN;
				ENABLE_PREVIEWS = YES;
				GENERATE_INFOPLIST_FILE = YES;
				INFOPLIST_KEY_CFBundleDisplayName = "Tic Tac Toe";
				INFOPLIST_KEY_LSApplicationCategoryType = "public.app-category.strategy-games";
				INFOPLIST_KEY_UIApplicationSceneManifest_Generation = YES;
				INFOPLIST_KEY_UIApplicationSupportsIndirectInputEvents = YES;
				INFOPLIST_KEY_UILaunchScreen_Generation = YES;
				INFOPLIST_KEY_UISupportedInterfaceOrientations_iPad = "UIInterfaceOrientationPortrait UIInterfaceOrientationPortraitUpsideDown UIInterfaceOrientationLandscapeLeft UIInterfaceOrientationLandscapeRight";
				INFOPLIST_KEY_UISupportedInterfaceOrientations_iPhone = "UIInterfaceOrientationPortrait UIInterfaceOrientationLandscapeLeft UIInterfaceOrientationLandscapeRight";
				IPHONEOS_DEPLOYMENT_TARGET = 14.0;
				LD_RUNPATH_SEARCH_PATHS = (
					"$(inherited)",
					"@executable_path/Frameworks",
				);
				MARKETING_VERSION = 1.2;
				PRODUCT_BUNDLE_IDENTIFIER = com.ashborn.TicTacToe;
				PRODUCT_NAME = "$(TARGET_NAME)";
				SWIFT_EMIT_LOC_STRINGS = YES;
				SWIFT_VERSION = 5.0;
				TARGETED_DEVICE_FAMILY = "1,2";
			};
			name = Debug;
		};
		5F27EC5029BE819E00A3E8CC /* Release */ = {
			isa = XCBuildConfiguration;
			buildSettings = {
				ASSETCATALOG_COMPILER_APPICON_NAME = AppIcon;
				ASSETCATALOG_COMPILER_GLOBAL_ACCENT_COLOR_NAME = AccentColor;
				CODE_SIGN_STYLE = Automatic;
				CURRENT_PROJECT_VERSION = 1;
				DEVELOPMENT_ASSET_PATHS = "\"TicTacToe/Preview Content\"";
				DEVELOPMENT_TEAM = JL34VC68DN;
				ENABLE_PREVIEWS = YES;
				GENERATE_INFOPLIST_FILE = YES;
				INFOPLIST_KEY_CFBundleDisplayName = "Tic Tac Toe";
				INFOPLIST_KEY_LSApplicationCategoryType = "public.app-category.strategy-games";
				INFOPLIST_KEY_UIApplicationSceneManifest_Generation = YES;
				INFOPLIST_KEY_UIApplicationSupportsIndirectInputEvents = YES;
				INFOPLIST_KEY_UILaunchScreen_Generation = YES;
				INFOPLIST_KEY_UISupportedInterfaceOrientations_iPad = "UIInterfaceOrientationPortrait UIInterfaceOrientationPortraitUpsideDown UIInterfaceOrientationLandscapeLeft UIInterfaceOrientationLandscapeRight";
				INFOPLIST_KEY_UISupportedInterfaceOrientations_iPhone = "UIInterfaceOrientationPortrait UIInterfaceOrientationLandscapeLeft UIInterfaceOrientationLandscapeRight";
				IPHONEOS_DEPLOYMENT_TARGET = 14.0;
				LD_RUNPATH_SEARCH_PATHS = (
					"$(inherited)",
					"@executable_path/Frameworks",
				);
				MARKETING_VERSION = 1.2;
				PRODUCT_BUNDLE_IDENTIFIER = com.ashborn.TicTacToe;
				PRODUCT_NAME = "$(TARGET_NAME)";
				SWIFT_EMIT_LOC_STRINGS = YES;
				SWIFT_VERSION = 5.0;
				TARGETED_DEVICE_FAMILY = "1,2";
			};
			name = Release;
		};
/* End XCBuildConfiguration section */

/* Begin XCConfigurationList section */
		5F27EC3B29BE818200A3E8CC /* Build configuration list for PBXProject "TicTacToe" */ = {
			isa = XCConfigurationList;
			buildConfigurations = (
				5F27EC4C29BE819E00A3E8CC /* Debug */,
				5F27EC4D29BE819E00A3E8CC /* Release */,
			);
			defaultConfigurationIsVisible = 0;
			defaultConfigurationName = Release;
		};
		5F27EC4E29BE819E00A3E8CC /* Build configuration list for PBXNativeTarget "TicTacToe" */ = {
			isa = XCConfigurationList;
			buildConfigurations = (
				5F27EC4F29BE819E00A3E8CC /* Debug */,
				5F27EC5029BE819E00A3E8CC /* Release */,
			);
			defaultConfigurationIsVisible = 0;
			defaultConfigurationName = Release;
		};
/* End XCConfigurationList section */
	};
	rootObject = 5F27EC3829BE818200A3E8CC /* Project object */;
}
